
Microsoft Visual Studio Solution File, Format Version 12.00
# Visual Studio Version 16
VisualStudioVersion = 16.0.31624.102
MinimumVisualStudioVersion = 10.0.40219.1
Project("{FAE04EC0-301F-11D3-BF4B-00C04F79EFBC}") = "Visitor", "ConsoleApp1\Visitor.csproj", "{DE4E6D0D-1EE8-460D-B8DB-EC565EF59A05}"
EndProject
Project("{FAE04EC0-301F-11D3-BF4B-00C04F79EFBC}") = "State", "ConsoleApp2\State.csproj", "{645B8A6D-F9E3-44BA-B636-D05ADD96BCE4}"
EndProject
Global
	GlobalSection(SolutionConfigurationPlatforms) = preSolution
		Debug|Any CPU = Debug|Any CPU
		Release|Any CPU = Release|Any CPU
	EndGlobalSection
	GlobalSection(ProjectConfigurationPlatforms) = postSolution
		{DE4E6D0D-1EE8-460D-B8DB-EC565EF59A05}.Debug|Any CPU.ActiveCfg = Debug|Any CPU
		{DE4E6D0D-1EE8-460D-B8DB-EC565EF59A05}.Debug|Any CPU.Build.0 = Debug|Any CPU
		{DE4E6D0D-1EE8-460D-B8DB-EC565EF59A05}.Release|Any CPU.ActiveCfg = Release|Any CPU
		{DE4E6D0D-1EE8-460D-B8DB-EC565EF59A05}.Release|Any CPU.Build.0 = Release|Any CPU
		{645B8A6D-F9E3-44BA-B636-D05ADD96BCE4}.Debug|Any CPU.ActiveCfg = Debug|Any CPU
		{645B8A6D-F9E3-44BA-B636-D05ADD96BCE4}.Debug|Any CPU.Build.0 = Debug|Any CPU
		{645B8A6D-F9E3-44BA-B636-D05ADD96BCE4}.Release|Any CPU.ActiveCfg = Release|Any CPU
		{645B8A6D-F9E3-44BA-B636-D05ADD96BCE4}.Release|Any CPU.Build.0 = Release|Any CPU
	EndGlobalSection
	GlobalSection(SolutionProperties) = preSolution
		HideSolutionNode = FALSE
	EndGlobalSection
	GlobalSection(ExtensibilityGlobals) = postSolution
		SolutionGuid = {38C8693A-50F2-494D-8A9C-00C3A1F02426}
	EndGlobalSection
EndGlobal
